
Microsoft Visual Studio Solution File, Format Version 12.00
# Visual Studio Version 17
VisualStudioVersion = 17.5.33502.453
MinimumVisualStudioVersion = 10.0.40219.1
Project("{FAE04EC0-301F-11D3-BF4B-00C04F79EFBC}") = "Clase25Marzo", "Clase25Marzo\Clase25Marzo.csproj", "{86BE0220-9C2E-49CC-8E11-24ACFFBDB2D7}"
EndProject
Global
	GlobalSection(SolutionConfigurationPlatforms) = preSolution
		Debug|Any CPU = Debug|Any CPU
		Release|Any CPU = Release|Any CPU
	EndGlobalSection
	GlobalSection(ProjectConfigurationPlatforms) = postSolution
		{86BE0220-9C2E-49CC-8E11-24ACFFBDB2D7}.Debug|Any CPU.ActiveCfg = Debug|Any CPU
		{86BE0220-9C2E-49CC-8E11-24ACFFBDB2D7}.Debug|Any CPU.Build.0 = Debug|Any CPU
		{86BE0220-9C2E-49CC-8E11-24ACFFBDB2D7}.Release|Any CPU.ActiveCfg = Release|Any CPU
		{86BE0220-9C2E-49CC-8E11-24ACFFBDB2D7}.Release|Any CPU.Build.0 = Release|Any CPU
	EndGlobalSection
	GlobalSection(SolutionProperties) = preSolution
		HideSolutionNode = FALSE
	EndGlobalSection
	GlobalSection(ExtensibilityGlobals) = postSolution
		SolutionGuid = {D1FC79C7-FCC5-44A6-A332-00948530E5B1}
	EndGlobalSection
EndGlobal
